
Microsoft Visual Studio Solution File, Format Version 12.00
# Visual Studio Version 16
VisualStudioVersion = 16.0.30717.126
MinimumVisualStudioVersion = 10.0.40219.1
Project("{FAE04EC0-301F-11D3-BF4B-00C04F79EFBC}") = "Visma Restaurant Manager", "Visma Restaurant Manager.csproj", "{F12F8D65-4624-4C5B-B03D-695E83292041}"
EndProject
Global
	GlobalSection(SolutionConfigurationPlatforms) = preSolution
		Debug|Any CPU = Debug|Any CPU
		Release|Any CPU = Release|Any CPU
	EndGlobalSection
	GlobalSection(ProjectConfigurationPlatforms) = postSolution
		{F12F8D65-4624-4C5B-B03D-695E83292041}.Debug|Any CPU.ActiveCfg = Debug|Any CPU
		{F12F8D65-4624-4C5B-B03D-695E83292041}.Debug|Any CPU.Build.0 = Debug|Any CPU
		{F12F8D65-4624-4C5B-B03D-695E83292041}.Release|Any CPU.ActiveCfg = Release|Any CPU
		{F12F8D65-4624-4C5B-B03D-695E83292041}.Release|Any CPU.Build.0 = Release|Any CPU
	EndGlobalSection
	GlobalSection(SolutionProperties) = preSolution
		HideSolutionNode = FALSE
	EndGlobalSection
	GlobalSection(ExtensibilityGlobals) = postSolution
		SolutionGuid = {0F2B4FB8-09EE-4058-AB83-CA1BDD0FAFB7}
	EndGlobalSection
EndGlobal
